{
  "object": {
    "pins": [
      {
        "package": "Cryptor",
        "repositoryURL": "https://github.com/IBM-Swift/BlueCryptor.git",
        "state": {
          "branch": null,
          "revision": "ee5880e031da4c609f372cf7472476ab51d5dd19",
          "version": "1.0.200"
        }
      },
      {
        "package": "CryptorECC",
        "repositoryURL": "https://github.com/IBM-Swift/BlueECC.git",
        "state": {
          "branch": null,
          "revision": "baf6ed3fc1a622675f0041b4aff7c02dd1a93818",
          "version": "1.2.200"
        }
      },
      {
        "package": "OpenSSL",
        "repositoryURL": "https://github.com/Kitura/OpenSSL.git",
        "state": {
          "branch": null,
          "revision": "80b04f33b086fc90e28d9ae159d43705fb348e16",
          "version": "2.2.200"
        }
      }
    ]
  },
  "version": 1
}
